
Microsoft Visual Studio Solution File, Format Version 12.00
# Visual Studio 15
VisualStudioVersion = 15.0.27130.0
MinimumVisualStudioVersion = 10.0.40219.1
Project("{FAE04EC0-301F-11D3-BF4B-00C04F79EFBC}") = "LearnAngularJS", "LearnAngularJS\LearnAngularJS.csproj", "{DC9F3EB6-B152-4FD8-AF3C-D7CE6AE4063C}"
EndProject
Global
	GlobalSection(SolutionConfigurationPlatforms) = preSolution
		Debug|Any CPU = Debug|Any CPU
		Release|Any CPU = Release|Any CPU
	EndGlobalSection
	GlobalSection(ProjectConfigurationPlatforms) = postSolution
		{DC9F3EB6-B152-4FD8-AF3C-D7CE6AE4063C}.Debug|Any CPU.ActiveCfg = Debug|Any CPU
		{DC9F3EB6-B152-4FD8-AF3C-D7CE6AE4063C}.Debug|Any CPU.Build.0 = Debug|Any CPU
		{DC9F3EB6-B152-4FD8-AF3C-D7CE6AE4063C}.Release|Any CPU.ActiveCfg = Release|Any CPU
		{DC9F3EB6-B152-4FD8-AF3C-D7CE6AE4063C}.Release|Any CPU.Build.0 = Release|Any CPU
	EndGlobalSection
	GlobalSection(SolutionProperties) = preSolution
		HideSolutionNode = FALSE
	EndGlobalSection
	GlobalSection(ExtensibilityGlobals) = postSolution
		SolutionGuid = {60F963C1-8354-446F-B520-134E21E59A6F}
	EndGlobalSection
	GlobalSection(TeamFoundationVersionControl) = preSolution
		SccNumberOfProjects = 2
		SccEnterpriseProvider = {4CA58AB2-18FA-4F8D-95D4-32DDF27D184C}
		SccTeamFoundationServer = https://franktruc.visualstudio.com/
		SccLocalPath0 = .
		SccProjectUniqueName1 = LearnAngularJS\\LearnAngularJS.csproj
		SccProjectName1 = LearnAngularJS
		SccLocalPath1 = LearnAngularJS
	EndGlobalSection
EndGlobal
